
Microsoft Visual Studio Solution File, Format Version 12.00
# Visual Studio Version 17
VisualStudioVersion = 17.4.33205.214
MinimumVisualStudioVersion = 10.0.40219.1
Project("{FAE04EC0-301F-11D3-BF4B-00C04F79EFBC}") = "Demo", "Demo\Demo.csproj", "{50E4D6BF-CDE8-406D-BB33-D192A9598562}"
EndProject
Project("{FAE04EC0-301F-11D3-BF4B-00C04F79EFBC}") = "Arithmetic", "Arithmetic\Arithmetic.csproj", "{4B95F105-5C4C-45DB-A557-E5882FB51329}"
EndProject
Project("{FAE04EC0-301F-11D3-BF4B-00C04F79EFBC}") = "Day02", "Day02\Day02.csproj", "{7F0F1091-CA27-4512-AAD0-3C140FB8C386}"
EndProject
Project("{FAE04EC0-301F-11D3-BF4B-00C04F79EFBC}") = "Day03", "Day03\Day03.csproj", "{CB7D6762-22BB-4335-8151-D05BF3941F0B}"
EndProject
Project("{FAE04EC0-301F-11D3-BF4B-00C04F79EFBC}") = "00DemoOOP", "00DemoOOP\00DemoOOP.csproj", "{BCD22902-CE96-4431-BB97-9B2999686AA5}"
EndProject
Project("{FAE04EC0-301F-11D3-BF4B-00C04F79EFBC}") = "01Demo", "01Demo\01Demo.csproj", "{9D76FE2A-1E85-4CCF-B2A6-ACFE52A88594}"
EndProject
Project("{FAE04EC0-301F-11D3-BF4B-00C04F79EFBC}") = "GenericsDemo", "GenericsDemo\GenericsDemo.csproj", "{FBBF78A9-D7AF-4C48-8822-0ACF5F18393B}"
EndProject
Project("{FAE04EC0-301F-11D3-BF4B-00C04F79EFBC}") = "Demo01EventsAndDelegates", "Demo01EventsAndDelegates\Demo01EventsAndDelegates.csproj", "{E2650032-E112-4308-A23A-DF00DC38B615}"
EndProject
Project("{FAE04EC0-301F-11D3-BF4B-00C04F79EFBC}") = "Demo02EventDelegate", "Demo02EventDelegate\Demo02EventDelegate.csproj", "{2F42AB1E-7B7D-4B5B-BAB2-3D7A68C0E51D}"
EndProject
Project("{FAE04EC0-301F-11D3-BF4B-00C04F79EFBC}") = "Demo2.1EventsDelegates", "Demo2.1EventsDelegates\Demo2.1EventsDelegates.csproj", "{235AC7EC-4C64-49FA-9CAC-4A120BBD67D6}"
EndProject
Project("{FAE04EC0-301F-11D3-BF4B-00C04F79EFBC}") = "Demo2.2MulticastDelegate", "Demo2.2MulticastDelegate\Demo2.2MulticastDelegate.csproj", "{C87A9304-7A67-4EAD-966F-03FAE82ED00C}"
EndProject
Project("{FAE04EC0-301F-11D3-BF4B-00C04F79EFBC}") = "Demo2.3ABC", "Demo2.3ABC\Demo2.3ABC.csproj", "{1B8E07E2-88AB-4A9F-87FC-B3C5C8107950}"
EndProject
Project("{FAE04EC0-301F-11D3-BF4B-00C04F79EFBC}") = "Demo3EventDelegateVideoEncode", "Demo3EventDelegateVideoEncode\Demo3EventDelegateVideoEncode.csproj", "{6F84F763-243F-444C-B9F4-BA62D13E7A3A}"
EndProject
Project("{FAE04EC0-301F-11D3-BF4B-00C04F79EFBC}") = "Demo3.1EventDelegate", "Demo3.1EventDelegate\Demo3.1EventDelegate.csproj", "{F99813F9-2B99-47BC-A4DB-857B80AC87E4}"
EndProject
Project("{FAE04EC0-301F-11D3-BF4B-00C04F79EFBC}") = "DemoEventDelegateDatabase", "DemoEventDelegateDatabase\DemoEventDelegateDatabase.csproj", "{F6B3AA1E-9BEB-476F-8738-E597242AA270}"
EndProject
Project("{FAE04EC0-301F-11D3-BF4B-00C04F79EFBC}") = "Demo10FileIO", "Demo10FileIO\Demo10FileIO.csproj", "{A0251A9E-C1A6-47BC-AB34-9AA20B523069}"
EndProject
Project("{FAE04EC0-301F-11D3-BF4B-00C04F79EFBC}") = "FileIOAssignment", "FileIOAssignment\FileIOAssignment.csproj", "{A3E2DB9F-D1A7-4FAE-B891-D9954845D854}"
EndProject
Project("{FAE04EC0-301F-11D3-BF4B-00C04F79EFBC}") = "FileIOAssignment2.2", "FileIOAssignment2.2\FileIOAssignment2.2.csproj", "{9835271D-9DFF-457A-AD88-334F0A3E7435}"
EndProject
Project("{FAE04EC0-301F-11D3-BF4B-00C04F79EFBC}") = "FileIOAssignment2.1", "FileIOAssignment2.1\FileIOAssignment2.1.csproj", "{6F58CBF1-6B1B-43D9-9320-C2A6B85C5490}"
EndProject
Project("{FAE04EC0-301F-11D3-BF4B-00C04F79EFBC}") = "DemoReflection", "DemoReflection\DemoReflection.csproj", "{17D9DDA4-5D94-4D84-BF63-1B3C9F071967}"
EndProject
Project("{FAE04EC0-301F-11D3-BF4B-00C04F79EFBC}") = "POCOLib", "POCOLib\POCOLib.csproj", "{D0BC69BA-9A07-4AE8-B38D-8DCA3B9DC638}"
EndProject
Project("{FAE04EC0-301F-11D3-BF4B-00C04F79EFBC}") = "SunbeamAnnotations", "SunbeamAnnotations\SunbeamAnnotations.csproj", "{D6FD9DD1-09C3-4A48-B759-54EEB60DD08C}"
EndProject
Project("{FAE04EC0-301F-11D3-BF4B-00C04F79EFBC}") = "TinyHibernate", "TinyHibernate\TinyHibernate.csproj", "{2EAC0E49-A18A-4DF1-AAF5-9F9A127DF907}"
EndProject
Project("{FAE04EC0-301F-11D3-BF4B-00C04F79EFBC}") = "13DemoDBProgramming", "13DemoDBProgramming\13DemoDBProgramming.csproj", "{BA681F63-993D-4348-BC21-58AC762285B8}"
EndProject
Project("{FAE04EC0-301F-11D3-BF4B-00C04F79EFBC}") = "14DemoLayered", "14DemoLayered\14DemoLayered.csproj", "{B4D09EAB-073D-4F15-8E43-325AB3C4CC97}"
EndProject
Project("{FAE04EC0-301F-11D3-BF4B-00C04F79EFBC}") = "15DemoDisconnected", "15DemoDisconnected\15DemoDisconnected.csproj", "{51ECD5DA-E978-4608-A8DD-401568B64A07}"
EndProject
Project("{FAE04EC0-301F-11D3-BF4B-00C04F79EFBC}") = "16DemoDisconnected", "16DemoDisconnected\16DemoDisconnected.csproj", "{575E6681-D4B2-4134-B35D-0ECBE80EAC5A}"
EndProject
Project("{FAE04EC0-301F-11D3-BF4B-00C04F79EFBC}") = "18DemoFeatures", "18DemoFeatures\18DemoFeatures.csproj", "{209BDA6E-BCED-4F86-9EB0-956B35418186}"
EndProject
Project("{FAE04EC0-301F-11D3-BF4B-00C04F79EFBC}") = "YieldPractice", "YieldPractice\YieldPractice.csproj", "{42B9CADA-55A7-4E35-9773-801E93711E4D}"
EndProject
Project("{FAE04EC0-301F-11D3-BF4B-00C04F79EFBC}") = "VarPractice", "VarPractice\VarPractice.csproj", "{9B8A7500-91F0-4CB4-AB7B-3F0A82AF8F79}"
EndProject
Project("{FAE04EC0-301F-11D3-BF4B-00C04F79EFBC}") = "ExtensionMethodPractice", "ExtensionMethodPractice\ExtensionMethodPractice.csproj", "{CC273201-DA49-428D-B9CF-D4F9DA2DB894}"
EndProject
Project("{FAE04EC0-301F-11D3-BF4B-00C04F79EFBC}") = "SystemDiagnosticsPractice", "SystemDiagnosticsPractice\SystemDiagnosticsPractice.csproj", "{EDB0A157-1BC8-41FC-BF74-A598D48E39D1}"
EndProject
Project("{FAE04EC0-301F-11D3-BF4B-00C04F79EFBC}") = "LINQPractice", "LINQPractice\LINQPractice.csproj", "{4D688F7A-4C6D-4DCA-B83F-9556AC5D7E30}"
EndProject
Project("{FAE04EC0-301F-11D3-BF4B-00C04F79EFBC}") = "InterfacesTrial", "InterfacesTrial\InterfacesTrial.csproj", "{214FCC24-E180-47E8-9B93-CF57F4AF4799}"
EndProject
Project("{FAE04EC0-301F-11D3-BF4B-00C04F79EFBC}") = "GenericTrial", "GenericTrial\GenericTrial.csproj", "{7DC78889-909A-4E5F-97C3-2ACD8EA503E8}"
EndProject
Project("{FAE04EC0-301F-11D3-BF4B-00C04F79EFBC}") = "DelegatesAndEvents", "DelegatesAndEvents\DelegatesAndEvents.csproj", "{0977FDDB-7ED3-4FA5-9867-6A8CF5E410D2}"
EndProject
Global
	GlobalSection(SolutionConfigurationPlatforms) = preSolution
		Debug|Any CPU = Debug|Any CPU
		Release|Any CPU = Release|Any CPU
	EndGlobalSection
	GlobalSection(ProjectConfigurationPlatforms) = postSolution
		{50E4D6BF-CDE8-406D-BB33-D192A9598562}.Debug|Any CPU.ActiveCfg = Debug|Any CPU
		{50E4D6BF-CDE8-406D-BB33-D192A9598562}.Debug|Any CPU.Build.0 = Debug|Any CPU
		{50E4D6BF-CDE8-406D-BB33-D192A9598562}.Release|Any CPU.ActiveCfg = Release|Any CPU
		{50E4D6BF-CDE8-406D-BB33-D192A9598562}.Release|Any CPU.Build.0 = Release|Any CPU
		{4B95F105-5C4C-45DB-A557-E5882FB51329}.Debug|Any CPU.ActiveCfg = Debug|Any CPU
		{4B95F105-5C4C-45DB-A557-E5882FB51329}.Debug|Any CPU.Build.0 = Debug|Any CPU
		{4B95F105-5C4C-45DB-A557-E5882FB51329}.Release|Any CPU.ActiveCfg = Release|Any CPU
		{4B95F105-5C4C-45DB-A557-E5882FB51329}.Release|Any CPU.Build.0 = Release|Any CPU
		{7F0F1091-CA27-4512-AAD0-3C140FB8C386}.Debug|Any CPU.ActiveCfg = Debug|Any CPU
		{7F0F1091-CA27-4512-AAD0-3C140FB8C386}.Debug|Any CPU.Build.0 = Debug|Any CPU
		{7F0F1091-CA27-4512-AAD0-3C140FB8C386}.Release|Any CPU.ActiveCfg = Release|Any CPU
		{7F0F1091-CA27-4512-AAD0-3C140FB8C386}.Release|Any CPU.Build.0 = Release|Any CPU
		{CB7D6762-22BB-4335-8151-D05BF3941F0B}.Debug|Any CPU.ActiveCfg = Debug|Any CPU
		{CB7D6762-22BB-4335-8151-D05BF3941F0B}.Debug|Any CPU.Build.0 = Debug|Any CPU
		{CB7D6762-22BB-4335-8151-D05BF3941F0B}.Release|Any CPU.ActiveCfg = Release|Any CPU
		{CB7D6762-22BB-4335-8151-D05BF3941F0B}.Release|Any CPU.Build.0 = Release|Any CPU
		{BCD22902-CE96-4431-BB97-9B2999686AA5}.Debug|Any CPU.ActiveCfg = Debug|Any CPU
		{BCD22902-CE96-4431-BB97-9B2999686AA5}.Debug|Any CPU.Build.0 = Debug|Any CPU
		{BCD22902-CE96-4431-BB97-9B2999686AA5}.Release|Any CPU.ActiveCfg = Release|Any CPU
		{BCD22902-CE96-4431-BB97-9B2999686AA5}.Release|Any CPU.Build.0 = Release|Any CPU
		{9D76FE2A-1E85-4CCF-B2A6-ACFE52A88594}.Debug|Any CPU.ActiveCfg = Debug|Any CPU
		{9D76FE2A-1E85-4CCF-B2A6-ACFE52A88594}.Debug|Any CPU.Build.0 = Debug|Any CPU
		{9D76FE2A-1E85-4CCF-B2A6-ACFE52A88594}.Release|Any CPU.ActiveCfg = Release|Any CPU
		{9D76FE2A-1E85-4CCF-B2A6-ACFE52A88594}.Release|Any CPU.Build.0 = Release|Any CPU
		{FBBF78A9-D7AF-4C48-8822-0ACF5F18393B}.Debug|Any CPU.ActiveCfg = Debug|Any CPU
		{FBBF78A9-D7AF-4C48-8822-0ACF5F18393B}.Debug|Any CPU.Build.0 = Debug|Any CPU
		{FBBF78A9-D7AF-4C48-8822-0ACF5F18393B}.Release|Any CPU.ActiveCfg = Release|Any CPU
		{FBBF78A9-D7AF-4C48-8822-0ACF5F18393B}.Release|Any CPU.Build.0 = Release|Any CPU
		{E2650032-E112-4308-A23A-DF00DC38B615}.Debug|Any CPU.ActiveCfg = Debug|Any CPU
		{E2650032-E112-4308-A23A-DF00DC38B615}.Debug|Any CPU.Build.0 = Debug|Any CPU
		{E2650032-E112-4308-A23A-DF00DC38B615}.Release|Any CPU.ActiveCfg = Release|Any CPU
		{E2650032-E112-4308-A23A-DF00DC38B615}.Release|Any CPU.Build.0 = Release|Any CPU
		{2F42AB1E-7B7D-4B5B-BAB2-3D7A68C0E51D}.Debug|Any CPU.ActiveCfg = Debug|Any CPU
		{2F42AB1E-7B7D-4B5B-BAB2-3D7A68C0E51D}.Debug|Any CPU.Build.0 = Debug|Any CPU
		{2F42AB1E-7B7D-4B5B-BAB2-3D7A68C0E51D}.Release|Any CPU.ActiveCfg = Release|Any CPU
		{2F42AB1E-7B7D-4B5B-BAB2-3D7A68C0E51D}.Release|Any CPU.Build.0 = Release|Any CPU
		{235AC7EC-4C64-49FA-9CAC-4A120BBD67D6}.Debug|Any CPU.ActiveCfg = Debug|Any CPU
		{235AC7EC-4C64-49FA-9CAC-4A120BBD67D6}.Debug|Any CPU.Build.0 = Debug|Any CPU
		{235AC7EC-4C64-49FA-9CAC-4A120BBD67D6}.Release|Any CPU.ActiveCfg = Release|Any CPU
		{235AC7EC-4C64-49FA-9CAC-4A120BBD67D6}.Release|Any CPU.Build.0 = Release|Any CPU
		{C87A9304-7A67-4EAD-966F-03FAE82ED00C}.Debug|Any CPU.ActiveCfg = Debug|Any CPU
		{C87A9304-7A67-4EAD-966F-03FAE82ED00C}.Debug|Any CPU.Build.0 = Debug|Any CPU
		{C87A9304-7A67-4EAD-966F-03FAE82ED00C}.Release|Any CPU.ActiveCfg = Release|Any CPU
		{C87A9304-7A67-4EAD-966F-03FAE82ED00C}.Release|Any CPU.Build.0 = Release|Any CPU
		{1B8E07E2-88AB-4A9F-87FC-B3C5C8107950}.Debug|Any CPU.ActiveCfg = Debug|Any CPU
		{1B8E07E2-88AB-4A9F-87FC-B3C5C8107950}.Debug|Any CPU.Build.0 = Debug|Any CPU
		{1B8E07E2-88AB-4A9F-87FC-B3C5C8107950}.Release|Any CPU.ActiveCfg = Release|Any CPU
		{1B8E07E2-88AB-4A9F-87FC-B3C5C8107950}.Release|Any CPU.Build.0 = Release|Any CPU
		{6F84F763-243F-444C-B9F4-BA62D13E7A3A}.Debug|Any CPU.ActiveCfg = Debug|Any CPU
		{6F84F763-243F-444C-B9F4-BA62D13E7A3A}.Debug|Any CPU.Build.0 = Debug|Any CPU
		{6F84F763-243F-444C-B9F4-BA62D13E7A3A}.Release|Any CPU.ActiveCfg = Release|Any CPU
		{6F84F763-243F-444C-B9F4-BA62D13E7A3A}.Release|Any CPU.Build.0 = Release|Any CPU
		{F99813F9-2B99-47BC-A4DB-857B80AC87E4}.Debug|Any CPU.ActiveCfg = Debug|Any CPU
		{F99813F9-2B99-47BC-A4DB-857B80AC87E4}.Debug|Any CPU.Build.0 = Debug|Any CPU
		{F99813F9-2B99-47BC-A4DB-857B80AC87E4}.Release|Any CPU.ActiveCfg = Release|Any CPU
		{F99813F9-2B99-47BC-A4DB-857B80AC87E4}.Release|Any CPU.Build.0 = Release|Any CPU
		{F6B3AA1E-9BEB-476F-8738-E597242AA270}.Debug|Any CPU.ActiveCfg = Debug|Any CPU
		{F6B3AA1E-9BEB-476F-8738-E597242AA270}.Debug|Any CPU.Build.0 = Debug|Any CPU
		{F6B3AA1E-9BEB-476F-8738-E597242AA270}.Release|Any CPU.ActiveCfg = Release|Any CPU
		{F6B3AA1E-9BEB-476F-8738-E597242AA270}.Release|Any CPU.Build.0 = Release|Any CPU
		{A0251A9E-C1A6-47BC-AB34-9AA20B523069}.Debug|Any CPU.ActiveCfg = Debug|Any CPU
		{A0251A9E-C1A6-47BC-AB34-9AA20B523069}.Debug|Any CPU.Build.0 = Debug|Any CPU
		{A0251A9E-C1A6-47BC-AB34-9AA20B523069}.Release|Any CPU.ActiveCfg = Release|Any CPU
		{A0251A9E-C1A6-47BC-AB34-9AA20B523069}.Release|Any CPU.Build.0 = Release|Any CPU
		{A3E2DB9F-D1A7-4FAE-B891-D9954845D854}.Debug|Any CPU.ActiveCfg = Debug|Any CPU
		{A3E2DB9F-D1A7-4FAE-B891-D9954845D854}.Debug|Any CPU.Build.0 = Debug|Any CPU
		{A3E2DB9F-D1A7-4FAE-B891-D9954845D854}.Release|Any CPU.ActiveCfg = Release|Any CPU
		{A3E2DB9F-D1A7-4FAE-B891-D9954845D854}.Release|Any CPU.Build.0 = Release|Any CPU
		{9835271D-9DFF-457A-AD88-334F0A3E7435}.Debug|Any CPU.ActiveCfg = Debug|Any CPU
		{9835271D-9DFF-457A-AD88-334F0A3E7435}.Debug|Any CPU.Build.0 = Debug|Any CPU
		{9835271D-9DFF-457A-AD88-334F0A3E7435}.Release|Any CPU.ActiveCfg = Release|Any CPU
		{9835271D-9DFF-457A-AD88-334F0A3E7435}.Release|Any CPU.Build.0 = Release|Any CPU
		{6F58CBF1-6B1B-43D9-9320-C2A6B85C5490}.Debug|Any CPU.ActiveCfg = Debug|Any CPU
		{6F58CBF1-6B1B-43D9-9320-C2A6B85C5490}.Debug|Any CPU.Build.0 = Debug|Any CPU
		{6F58CBF1-6B1B-43D9-9320-C2A6B85C5490}.Release|Any CPU.ActiveCfg = Release|Any CPU
		{6F58CBF1-6B1B-43D9-9320-C2A6B85C5490}.Release|Any CPU.Build.0 = Release|Any CPU
		{17D9DDA4-5D94-4D84-BF63-1B3C9F071967}.Debug|Any CPU.ActiveCfg = Debug|Any CPU
		{17D9DDA4-5D94-4D84-BF63-1B3C9F071967}.Debug|Any CPU.Build.0 = Debug|Any CPU
		{17D9DDA4-5D94-4D84-BF63-1B3C9F071967}.Release|Any CPU.ActiveCfg = Release|Any CPU
		{17D9DDA4-5D94-4D84-BF63-1B3C9F071967}.Release|Any CPU.Build.0 = Release|Any CPU
		{D0BC69BA-9A07-4AE8-B38D-8DCA3B9DC638}.Debug|Any CPU.ActiveCfg = Debug|Any CPU
		{D0BC69BA-9A07-4AE8-B38D-8DCA3B9DC638}.Debug|Any CPU.Build.0 = Debug|Any CPU
		{D0BC69BA-9A07-4AE8-B38D-8DCA3B9DC638}.Release|Any CPU.ActiveCfg = Release|Any CPU
		{D0BC69BA-9A07-4AE8-B38D-8DCA3B9DC638}.Release|Any CPU.Build.0 = Release|Any CPU
		{D6FD9DD1-09C3-4A48-B759-54EEB60DD08C}.Debug|Any CPU.ActiveCfg = Debug|Any CPU
		{D6FD9DD1-09C3-4A48-B759-54EEB60DD08C}.Debug|Any CPU.Build.0 = Debug|Any CPU
		{D6FD9DD1-09C3-4A48-B759-54EEB60DD08C}.Release|Any CPU.ActiveCfg = Release|Any CPU
		{D6FD9DD1-09C3-4A48-B759-54EEB60DD08C}.Release|Any CPU.Build.0 = Release|Any CPU
		{2EAC0E49-A18A-4DF1-AAF5-9F9A127DF907}.Debug|Any CPU.ActiveCfg = Debug|Any CPU
		{2EAC0E49-A18A-4DF1-AAF5-9F9A127DF907}.Debug|Any CPU.Build.0 = Debug|Any CPU
		{2EAC0E49-A18A-4DF1-AAF5-9F9A127DF907}.Release|Any CPU.ActiveCfg = Release|Any CPU
		{2EAC0E49-A18A-4DF1-AAF5-9F9A127DF907}.Release|Any CPU.Build.0 = Release|Any CPU
		{BA681F63-993D-4348-BC21-58AC762285B8}.Debug|Any CPU.ActiveCfg = Debug|Any CPU
		{BA681F63-993D-4348-BC21-58AC762285B8}.Debug|Any CPU.Build.0 = Debug|Any CPU
		{BA681F63-993D-4348-BC21-58AC762285B8}.Release|Any CPU.ActiveCfg = Release|Any CPU
		{BA681F63-993D-4348-BC21-58AC762285B8}.Release|Any CPU.Build.0 = Release|Any CPU
		{B4D09EAB-073D-4F15-8E43-325AB3C4CC97}.Debug|Any CPU.ActiveCfg = Debug|Any CPU
		{B4D09EAB-073D-4F15-8E43-325AB3C4CC97}.Debug|Any CPU.Build.0 = Debug|Any CPU
		{B4D09EAB-073D-4F15-8E43-325AB3C4CC97}.Release|Any CPU.ActiveCfg = Release|Any CPU
		{B4D09EAB-073D-4F15-8E43-325AB3C4CC97}.Release|Any CPU.Build.0 = Release|Any CPU
		{51ECD5DA-E978-4608-A8DD-401568B64A07}.Debug|Any CPU.ActiveCfg = Debug|Any CPU
		{51ECD5DA-E978-4608-A8DD-401568B64A07}.Debug|Any CPU.Build.0 = Debug|Any CPU
		{51ECD5DA-E978-4608-A8DD-401568B64A07}.Release|Any CPU.ActiveCfg = Release|Any CPU
		{51ECD5DA-E978-4608-A8DD-401568B64A07}.Release|Any CPU.Build.0 = Release|Any CPU
		{575E6681-D4B2-4134-B35D-0ECBE80EAC5A}.Debug|Any CPU.ActiveCfg = Debug|Any CPU
		{575E6681-D4B2-4134-B35D-0ECBE80EAC5A}.Debug|Any CPU.Build.0 = Debug|Any CPU
		{575E6681-D4B2-4134-B35D-0ECBE80EAC5A}.Release|Any CPU.ActiveCfg = Release|Any CPU
		{575E6681-D4B2-4134-B35D-0ECBE80EAC5A}.Release|Any CPU.Build.0 = Release|Any CPU
		{209BDA6E-BCED-4F86-9EB0-956B35418186}.Debug|Any CPU.ActiveCfg = Debug|Any CPU
		{209BDA6E-BCED-4F86-9EB0-956B35418186}.Debug|Any CPU.Build.0 = Debug|Any CPU
		{209BDA6E-BCED-4F86-9EB0-956B35418186}.Release|Any CPU.ActiveCfg = Release|Any CPU
		{209BDA6E-BCED-4F86-9EB0-956B35418186}.Release|Any CPU.Build.0 = Release|Any CPU
		{42B9CADA-55A7-4E35-9773-801E93711E4D}.Debug|Any CPU.ActiveCfg = Debug|Any CPU
		{42B9CADA-55A7-4E35-9773-801E93711E4D}.Debug|Any CPU.Build.0 = Debug|Any CPU
		{42B9CADA-55A7-4E35-9773-801E93711E4D}.Release|Any CPU.ActiveCfg = Release|Any CPU
		{42B9CADA-55A7-4E35-9773-801E93711E4D}.Release|Any CPU.Build.0 = Release|Any CPU
		{9B8A7500-91F0-4CB4-AB7B-3F0A82AF8F79}.Debug|Any CPU.ActiveCfg = Debug|Any CPU
		{9B8A7500-91F0-4CB4-AB7B-3F0A82AF8F79}.Debug|Any CPU.Build.0 = Debug|Any CPU
		{9B8A7500-91F0-4CB4-AB7B-3F0A82AF8F79}.Release|Any CPU.ActiveCfg = Release|Any CPU
		{9B8A7500-91F0-4CB4-AB7B-3F0A82AF8F79}.Release|Any CPU.Build.0 = Release|Any CPU
		{CC273201-DA49-428D-B9CF-D4F9DA2DB894}.Debug|Any CPU.ActiveCfg = Debug|Any CPU
		{CC273201-DA49-428D-B9CF-D4F9DA2DB894}.Debug|Any CPU.Build.0 = Debug|Any CPU
		{CC273201-DA49-428D-B9CF-D4F9DA2DB894}.Release|Any CPU.ActiveCfg = Release|Any CPU
		{CC273201-DA49-428D-B9CF-D4F9DA2DB894}.Release|Any CPU.Build.0 = Release|Any CPU
		{EDB0A157-1BC8-41FC-BF74-A598D48E39D1}.Debug|Any CPU.ActiveCfg = Debug|Any CPU
		{EDB0A157-1BC8-41FC-BF74-A598D48E39D1}.Debug|Any CPU.Build.0 = Debug|Any CPU
		{EDB0A157-1BC8-41FC-BF74-A598D48E39D1}.Release|Any CPU.ActiveCfg = Release|Any CPU
		{EDB0A157-1BC8-41FC-BF74-A598D48E39D1}.Release|Any CPU.Build.0 = Release|Any CPU
		{4D688F7A-4C6D-4DCA-B83F-9556AC5D7E30}.Debug|Any CPU.ActiveCfg = Debug|Any CPU
		{4D688F7A-4C6D-4DCA-B83F-9556AC5D7E30}.Debug|Any CPU.Build.0 = Debug|Any CPU
		{4D688F7A-4C6D-4DCA-B83F-9556AC5D7E30}.Release|Any CPU.ActiveCfg = Release|Any CPU
		{4D688F7A-4C6D-4DCA-B83F-9556AC5D7E30}.Release|Any CPU.Build.0 = Release|Any CPU
		{214FCC24-E180-47E8-9B93-CF57F4AF4799}.Debug|Any CPU.ActiveCfg = Debug|Any CPU
		{214FCC24-E180-47E8-9B93-CF57F4AF4799}.Debug|Any CPU.Build.0 = Debug|Any CPU
		{214FCC24-E180-47E8-9B93-CF57F4AF4799}.Release|Any CPU.ActiveCfg = Release|Any CPU
		{214FCC24-E180-47E8-9B93-CF57F4AF4799}.Release|Any CPU.Build.0 = Release|Any CPU
		{7DC78889-909A-4E5F-97C3-2ACD8EA503E8}.Debug|Any CPU.ActiveCfg = Debug|Any CPU
		{7DC78889-909A-4E5F-97C3-2ACD8EA503E8}.Debug|Any CPU.Build.0 = Debug|Any CPU
		{7DC78889-909A-4E5F-97C3-2ACD8EA503E8}.Release|Any CPU.ActiveCfg = Release|Any CPU
		{7DC78889-909A-4E5F-97C3-2ACD8EA503E8}.Release|Any CPU.Build.0 = Release|Any CPU
		{0977FDDB-7ED3-4FA5-9867-6A8CF5E410D2}.Debug|Any CPU.ActiveCfg = Debug|Any CPU
		{0977FDDB-7ED3-4FA5-9867-6A8CF5E410D2}.Debug|Any CPU.Build.0 = Debug|Any CPU
		{0977FDDB-7ED3-4FA5-9867-6A8CF5E410D2}.Release|Any CPU.ActiveCfg = Release|Any CPU
		{0977FDDB-7ED3-4FA5-9867-6A8CF5E410D2}.Release|Any CPU.Build.0 = Release|Any CPU
	EndGlobalSection
	GlobalSection(SolutionProperties) = preSolution
		HideSolutionNode = FALSE
	EndGlobalSection
	GlobalSection(ExtensibilityGlobals) = postSolution
		SolutionGuid = {BFEA51DC-C2AF-4225-8199-1F7185FD5D89}
	EndGlobalSection
EndGlobal
